
Microsoft Visual Studio Solution File, Format Version 12.00
# Visual Studio 14
VisualStudioVersion = 14.0.25420.1
MinimumVisualStudioVersion = 10.0.40219.1
Project("{FAE04EC0-301F-11D3-BF4B-00C04F79EFBC}") = "NTL - Never too late", "NTL - Never too late\NTL - Never too late.csproj", "{DF59FFC1-BC21-4D01-B453-C0AD205A3B60}"
EndProject
Global
	GlobalSection(SolutionConfigurationPlatforms) = preSolution
		Debug|Any CPU = Debug|Any CPU
		Release|Any CPU = Release|Any CPU
	EndGlobalSection
	GlobalSection(ProjectConfigurationPlatforms) = postSolution
		{DF59FFC1-BC21-4D01-B453-C0AD205A3B60}.Debug|Any CPU.ActiveCfg = Debug|Any CPU
		{DF59FFC1-BC21-4D01-B453-C0AD205A3B60}.Debug|Any CPU.Build.0 = Debug|Any CPU
		{DF59FFC1-BC21-4D01-B453-C0AD205A3B60}.Release|Any CPU.ActiveCfg = Release|Any CPU
		{DF59FFC1-BC21-4D01-B453-C0AD205A3B60}.Release|Any CPU.Build.0 = Release|Any CPU
	EndGlobalSection
	GlobalSection(SolutionProperties) = preSolution
		HideSolutionNode = FALSE
	EndGlobalSection
EndGlobal
